
Microsoft Visual Studio Solution File, Format Version 12.00
# Visual Studio 15
VisualStudioVersion = 15.0.28307.329
MinimumVisualStudioVersion = 10.0.40219.1
Project("{FAE04EC0-301F-11D3-BF4B-00C04F79EFBC}") = "SLH.Website", "Project\SLH.Website.csproj", "{F9E8D36E-8A9A-47B0-9201-69DA7941486C}"
EndProject
Project("{2150E333-8FDC-42A3-9474-1A3956D46DE8}") = "Feature", "Feature", "{B7DDB8BC-3415-4B74-AD8A-EB80D67BA362}"
EndProject
Project("{2150E333-8FDC-42A3-9474-1A3956D46DE8}") = "Foundation", "Foundation", "{F26ED3C8-7669-443E-9186-5AED3AB8052D}"
EndProject
Project("{2150E333-8FDC-42A3-9474-1A3956D46DE8}") = "Project", "Project", "{87BD23AD-BAB4-48BD-B60C-48E530C7B1EF}"
EndProject
Project("{FAE04EC0-301F-11D3-BF4B-00C04F79EFBC}") = "SLH.Feature1", "Feature\SHL.Feature1\SLH.Feature1.csproj", "{8DF6F7E2-A436-4628-96B2-BDFDB052D012}"
EndProject
Project("{FAE04EC0-301F-11D3-BF4B-00C04F79EFBC}") = "SLH.Foundation1", "Foundation\SLH.Foundation1\SLH.Foundation1.csproj", "{E1A894EB-B826-4092-A896-63A3C5011A50}"
EndProject
Global
	GlobalSection(SolutionConfigurationPlatforms) = preSolution
		Debug|Any CPU = Debug|Any CPU
		Release|Any CPU = Release|Any CPU
	EndGlobalSection
	GlobalSection(ProjectConfigurationPlatforms) = postSolution
		{F9E8D36E-8A9A-47B0-9201-69DA7941486C}.Debug|Any CPU.ActiveCfg = Debug|Any CPU
		{F9E8D36E-8A9A-47B0-9201-69DA7941486C}.Debug|Any CPU.Build.0 = Debug|Any CPU
		{F9E8D36E-8A9A-47B0-9201-69DA7941486C}.Release|Any CPU.ActiveCfg = Release|Any CPU
		{F9E8D36E-8A9A-47B0-9201-69DA7941486C}.Release|Any CPU.Build.0 = Release|Any CPU
		{8DF6F7E2-A436-4628-96B2-BDFDB052D012}.Debug|Any CPU.ActiveCfg = Debug|Any CPU
		{8DF6F7E2-A436-4628-96B2-BDFDB052D012}.Debug|Any CPU.Build.0 = Debug|Any CPU
		{8DF6F7E2-A436-4628-96B2-BDFDB052D012}.Release|Any CPU.ActiveCfg = Release|Any CPU
		{8DF6F7E2-A436-4628-96B2-BDFDB052D012}.Release|Any CPU.Build.0 = Release|Any CPU
		{E1A894EB-B826-4092-A896-63A3C5011A50}.Debug|Any CPU.ActiveCfg = Debug|Any CPU
		{E1A894EB-B826-4092-A896-63A3C5011A50}.Debug|Any CPU.Build.0 = Debug|Any CPU
		{E1A894EB-B826-4092-A896-63A3C5011A50}.Release|Any CPU.ActiveCfg = Release|Any CPU
		{E1A894EB-B826-4092-A896-63A3C5011A50}.Release|Any CPU.Build.0 = Release|Any CPU
	EndGlobalSection
	GlobalSection(SolutionProperties) = preSolution
		HideSolutionNode = FALSE
	EndGlobalSection
	GlobalSection(NestedProjects) = preSolution
		{F9E8D36E-8A9A-47B0-9201-69DA7941486C} = {87BD23AD-BAB4-48BD-B60C-48E530C7B1EF}
		{8DF6F7E2-A436-4628-96B2-BDFDB052D012} = {B7DDB8BC-3415-4B74-AD8A-EB80D67BA362}
		{E1A894EB-B826-4092-A896-63A3C5011A50} = {F26ED3C8-7669-443E-9186-5AED3AB8052D}
	EndGlobalSection
	GlobalSection(ExtensibilityGlobals) = postSolution
		SolutionGuid = {DF8A97C5-CDCA-4561-A2B1-CEF914C9C6A1}
	EndGlobalSection
EndGlobal
